{
  "version": 4,
  "terraform_version": "1.5.4",
  "serial": 7,
  "lineage": "aface5db-457f-f53e-7eac-699c2bfbe9a8",
  "outputs": {},
  "resources": [
    {
      "mode": "managed",
      "type": "azurerm_resource_group",
      "name": "resource_group",
      "provider": "provider[\"registry.terraform.io/hashicorp/azurerm\"]",
      "instances": [
        {
          "schema_version": 0,
          "attributes": {
            "id": "/subscriptions/e4093930-ba7e-48a1-b411-ec62cc06bfe8/resourceGroups/rg-sumanprasad007-demo",
            "location": "eastus",
            "managed_by": "",
            "name": "rg-sumanprasad007-demo",
            "tags": {},
            "timeouts": null
          },
          "sensitive_attributes": [],
          "private": "eyJlMmJmYjczMC1lY2FhLTExZTYtOGY4OC0zNDM2M2JjN2M0YzAiOnsiY3JlYXRlIjo1NDAwMDAwMDAwMDAwLCJkZWxldGUiOjU0MDAwMDAwMDAwMDAsInJlYWQiOjMwMDAwMDAwMDAwMCwidXBkYXRlIjo1NDAwMDAwMDAwMDAwfX0="
        }
      ]
    },
    {
      "mode": "managed",
      "type": "azurerm_storage_account",
      "name": "storage_account",
      "provider": "provider[\"registry.terraform.io/hashicorp/azurerm\"]",
      "instances": [
        {
          "schema_version": 4,
          "attributes": {
            "access_tier": "Hot",
            "account_kind": "StorageV2",
            "account_replication_type": "LRS",
            "account_tier": "Standard",
            "allow_nested_items_to_be_public": true,
            "allowed_copy_scope": "",
            "azure_files_authentication": [],
            "blob_properties": [
              {
                "change_feed_enabled": false,
                "change_feed_retention_in_days": 0,
                "container_delete_retention_policy": [],
                "cors_rule": [],
                "default_service_version": "",
                "delete_retention_policy": [],
                "last_access_time_enabled": false,
                "restore_policy": [],
                "versioning_enabled": false
              }
            ],
            "cross_tenant_replication_enabled": true,
            "custom_domain": [],
            "customer_managed_key": [],
            "default_to_oauth_authentication": false,
            "edge_zone": "",
            "enable_https_traffic_only": true,
            "id": "/subscriptions/e4093930-ba7e-48a1-b411-ec62cc06bfe8/resourceGroups/rg-sumanprasad007-demo/providers/Microsoft.Storage/storageAccounts/sumanprasad007demo",
            "identity": [],
            "immutability_policy": [],
            "infrastructure_encryption_enabled": false,
            "is_hns_enabled": false,
            "large_file_share_enabled": null,
            "location": "eastus",
            "min_tls_version": "TLS1_2",
            "name": "sumanprasad007demo",
            "network_rules": [
              {
                "bypass": [
                  "AzureServices"
                ],
                "default_action": "Allow",
                "ip_rules": [],
                "private_link_access": [],
                "virtual_network_subnet_ids": []
              }
            ],
            "nfsv3_enabled": false,
            "primary_access_key": "SV0GoTXoF8lwc1nPkRDlDEWGCkgyHz0BE1aSpBNRHiZ5YRlBIri4Wjdkj6kaGc9u/amod/g+ghQK+ASt7OdkhQ==",
            "primary_blob_connection_string": "DefaultEndpointsProtocol=https;BlobEndpoint=https://sumanprasad007demo.blob.core.windows.net/;AccountName=sumanprasad007demo;AccountKey=SV0GoTXoF8lwc1nPkRDlDEWGCkgyHz0BE1aSpBNRHiZ5YRlBIri4Wjdkj6kaGc9u/amod/g+ghQK+ASt7OdkhQ==",
            "primary_blob_endpoint": "https://sumanprasad007demo.blob.core.windows.net/",
            "primary_blob_host": "sumanprasad007demo.blob.core.windows.net",
            "primary_connection_string": "DefaultEndpointsProtocol=https;AccountName=sumanprasad007demo;AccountKey=SV0GoTXoF8lwc1nPkRDlDEWGCkgyHz0BE1aSpBNRHiZ5YRlBIri4Wjdkj6kaGc9u/amod/g+ghQK+ASt7OdkhQ==;EndpointSuffix=core.windows.net",
            "primary_dfs_endpoint": "https://sumanprasad007demo.dfs.core.windows.net/",
            "primary_dfs_host": "sumanprasad007demo.dfs.core.windows.net",
            "primary_file_endpoint": "https://sumanprasad007demo.file.core.windows.net/",
            "primary_file_host": "sumanprasad007demo.file.core.windows.net",
            "primary_location": "eastus",
            "primary_queue_endpoint": "https://sumanprasad007demo.queue.core.windows.net/",
            "primary_queue_host": "sumanprasad007demo.queue.core.windows.net",
            "primary_table_endpoint": "https://sumanprasad007demo.table.core.windows.net/",
            "primary_table_host": "sumanprasad007demo.table.core.windows.net",
            "primary_web_endpoint": "https://sumanprasad007demo.z13.web.core.windows.net/",
            "primary_web_host": "sumanprasad007demo.z13.web.core.windows.net",
            "public_network_access_enabled": true,
            "queue_encryption_key_type": "Service",
            "queue_properties": [
              {
                "cors_rule": [],
                "hour_metrics": [
                  {
                    "enabled": true,
                    "include_apis": true,
                    "retention_policy_days": 7,
                    "version": "1.0"
                  }
                ],
                "logging": [
                  {
                    "delete": false,
                    "read": false,
                    "retention_policy_days": 0,
                    "version": "1.0",
                    "write": false
                  }
                ],
                "minute_metrics": [
                  {
                    "enabled": false,
                    "include_apis": false,
                    "retention_policy_days": 0,
                    "version": "1.0"
                  }
                ]
              }
            ],
            "resource_group_name": "rg-sumanprasad007-demo",
            "routing": [],
            "sas_policy": [],
            "secondary_access_key": "JvzjIWvcs69k0y6GT4jvR3VUvhJyYnVB0UF75+HF4lAczXX2alNVCY68AmEfcVwO9G5cWtoQMf1U+AStMN5QrA==",
            "secondary_blob_connection_string": "",
            "secondary_blob_endpoint": null,
            "secondary_blob_host": null,
            "secondary_connection_string": "DefaultEndpointsProtocol=https;AccountName=sumanprasad007demo;AccountKey=JvzjIWvcs69k0y6GT4jvR3VUvhJyYnVB0UF75+HF4lAczXX2alNVCY68AmEfcVwO9G5cWtoQMf1U+AStMN5QrA==;EndpointSuffix=core.windows.net",
            "secondary_dfs_endpoint": null,
            "secondary_dfs_host": null,
            "secondary_file_endpoint": null,
            "secondary_file_host": null,
            "secondary_location": "",
            "secondary_queue_endpoint": null,
            "secondary_queue_host": null,
            "secondary_table_endpoint": null,
            "secondary_table_host": null,
            "secondary_web_endpoint": null,
            "secondary_web_host": null,
            "sftp_enabled": false,
            "share_properties": [
              {
                "cors_rule": [],
                "retention_policy": [
                  {
                    "days": 7
                  }
                ],
                "smb": []
              }
            ],
            "shared_access_key_enabled": true,
            "static_website": [
              {
                "error_404_document": "",
                "index_document": "index.html"
              }
            ],
            "table_encryption_key_type": "Service",
            "tags": {},
            "timeouts": null
          },
          "sensitive_attributes": [],
          "private": "eyJlMmJmYjczMC1lY2FhLTExZTYtOGY4OC0zNDM2M2JjN2M0YzAiOnsiY3JlYXRlIjozNjAwMDAwMDAwMDAwLCJkZWxldGUiOjM2MDAwMDAwMDAwMDAsInJlYWQiOjMwMDAwMDAwMDAwMCwidXBkYXRlIjozNjAwMDAwMDAwMDAwfSwic2NoZW1hX3ZlcnNpb24iOiI0In0=",
          "dependencies": [
            "azurerm_resource_group.resource_group"
          ]
        }
      ]
    },
    {
      "mode": "managed",
      "type": "azurerm_storage_blob",
      "name": "example",
      "provider": "provider[\"registry.terraform.io/hashicorp/azurerm\"]",
      "instances": [
        {
          "schema_version": 1,
          "attributes": {
            "access_tier": "Hot",
            "cache_control": "",
            "content_md5": "",
            "content_type": "text/html",
            "id": "https://sumanprasad007demo.blob.core.windows.net/$web/index.html",
            "metadata": {},
            "name": "index.html",
            "parallelism": 8,
            "size": 0,
            "source": null,
            "source_content": "\u003ch1\u003eHello Doston, kaise hai aap log",
            "source_uri": null,
            "storage_account_name": "sumanprasad007demo",
            "storage_container_name": "$web",
            "timeouts": null,
            "type": "Block",
            "url": "https://sumanprasad007demo.blob.core.windows.net/$web/index.html"
          },
          "sensitive_attributes": [],
          "private": "eyJlMmJmYjczMC1lY2FhLTExZTYtOGY4OC0zNDM2M2JjN2M0YzAiOnsiY3JlYXRlIjoxODAwMDAwMDAwMDAwLCJkZWxldGUiOjE4MDAwMDAwMDAwMDAsInJlYWQiOjMwMDAwMDAwMDAwMCwidXBkYXRlIjoxODAwMDAwMDAwMDAwfSwic2NoZW1hX3ZlcnNpb24iOiIxIn0=",
          "dependencies": [
            "azurerm_storage_account.storage_account"
          ]
        }
      ]
    }
  ],
  "check_results": null
}
